
Microsoft Visual Studio Solution File, Format Version 12.00
# Visual Studio Version 17
VisualStudioVersion = 17.5.33627.172
MinimumVisualStudioVersion = 10.0.40219.1
Project("{FAE04EC0-301F-11D3-BF4B-00C04F79EFBC}") = "35-1_Shadrina_Pricoldes_po_neiro", "35-1_Shadrina_Pricoldes_po_neiro.csproj", "{F12A9649-F74A-4C2C-99D5-F55DC4581FD7}"
EndProject
Global
	GlobalSection(SolutionConfigurationPlatforms) = preSolution
		Debug|Any CPU = Debug|Any CPU
		Release|Any CPU = Release|Any CPU
	EndGlobalSection
	GlobalSection(ProjectConfigurationPlatforms) = postSolution
		{F12A9649-F74A-4C2C-99D5-F55DC4581FD7}.Debug|Any CPU.ActiveCfg = Debug|Any CPU
		{F12A9649-F74A-4C2C-99D5-F55DC4581FD7}.Debug|Any CPU.Build.0 = Debug|Any CPU
		{F12A9649-F74A-4C2C-99D5-F55DC4581FD7}.Release|Any CPU.ActiveCfg = Release|Any CPU
		{F12A9649-F74A-4C2C-99D5-F55DC4581FD7}.Release|Any CPU.Build.0 = Release|Any CPU
	EndGlobalSection
	GlobalSection(SolutionProperties) = preSolution
		HideSolutionNode = FALSE
	EndGlobalSection
	GlobalSection(ExtensibilityGlobals) = postSolution
		SolutionGuid = {3B5F6158-F1E7-4872-9EBA-77C8E0BD06CD}
	EndGlobalSection
EndGlobal
